
Microsoft Visual Studio Solution File, Format Version 12.00
# Visual Studio 14
VisualStudioVersion = 14.0.25420.1
MinimumVisualStudioVersion = 10.0.40219.1
Project("{FAE04EC0-301F-11D3-BF4B-00C04F79EFBC}") = "CMS", "CMS\CMS.csproj", "{DA3B0320-5370-4154-925A-0A2A99FDBE53}"
EndProject
Project("{FAE04EC0-301F-11D3-BF4B-00C04F79EFBC}") = "CMS.App", "CMS.App\CMS.App.csproj", "{A999573B-F3CB-4E11-801E-D6812F56CFC3}"
	ProjectSection(ProjectDependencies) = postProject
		{DA3B0320-5370-4154-925A-0A2A99FDBE53} = {DA3B0320-5370-4154-925A-0A2A99FDBE53}
	EndProjectSection
EndProject
Project("{FAE04EC0-301F-11D3-BF4B-00C04F79EFBC}") = "CMS.Data", "CMS.Data\CMS.Data.csproj", "{2D1411EA-942D-4A85-A13B-A517F26A2915}"
EndProject
Project("{FAE04EC0-301F-11D3-BF4B-00C04F79EFBC}") = "CMS.Inf", "CMS.Inf\CMS.Inf.csproj", "{BCE4D42E-1E2E-417D-83BA-80AE3954E0F8}"
EndProject
Project("{FAE04EC0-301F-11D3-BF4B-00C04F79EFBC}") = "CMS.Model", "CMS.Model\CMS.Model.csproj", "{6631CE6A-71FD-4CE5-99B7-E272A6068E3B}"
EndProject
Project("{FAE04EC0-301F-11D3-BF4B-00C04F79EFBC}") = "CMSPublish", "CMSPublish\CMSPublish.csproj", "{C10CBCB7-8693-4747-BEED-2F7AD33FD863}"
EndProject
Project("{FAE04EC0-301F-11D3-BF4B-00C04F79EFBC}") = "CMSSub", "CMSSub\CMSSub.csproj", "{81707E89-C9FC-4555-9C5C-F5C7E5446159}"
EndProject
Global
	GlobalSection(SolutionConfigurationPlatforms) = preSolution
		Debug|Any CPU = Debug|Any CPU
		Release|Any CPU = Release|Any CPU
	EndGlobalSection
	GlobalSection(ProjectConfigurationPlatforms) = postSolution
		{DA3B0320-5370-4154-925A-0A2A99FDBE53}.Debug|Any CPU.ActiveCfg = Debug|Any CPU
		{DA3B0320-5370-4154-925A-0A2A99FDBE53}.Debug|Any CPU.Build.0 = Debug|Any CPU
		{DA3B0320-5370-4154-925A-0A2A99FDBE53}.Release|Any CPU.ActiveCfg = Release|Any CPU
		{DA3B0320-5370-4154-925A-0A2A99FDBE53}.Release|Any CPU.Build.0 = Release|Any CPU
		{A999573B-F3CB-4E11-801E-D6812F56CFC3}.Debug|Any CPU.ActiveCfg = Debug|Any CPU
		{A999573B-F3CB-4E11-801E-D6812F56CFC3}.Debug|Any CPU.Build.0 = Debug|Any CPU
		{A999573B-F3CB-4E11-801E-D6812F56CFC3}.Release|Any CPU.ActiveCfg = Release|Any CPU
		{A999573B-F3CB-4E11-801E-D6812F56CFC3}.Release|Any CPU.Build.0 = Release|Any CPU
		{2D1411EA-942D-4A85-A13B-A517F26A2915}.Debug|Any CPU.ActiveCfg = Debug|Any CPU
		{2D1411EA-942D-4A85-A13B-A517F26A2915}.Debug|Any CPU.Build.0 = Debug|Any CPU
		{2D1411EA-942D-4A85-A13B-A517F26A2915}.Release|Any CPU.ActiveCfg = Release|Any CPU
		{2D1411EA-942D-4A85-A13B-A517F26A2915}.Release|Any CPU.Build.0 = Release|Any CPU
		{BCE4D42E-1E2E-417D-83BA-80AE3954E0F8}.Debug|Any CPU.ActiveCfg = Debug|Any CPU
		{BCE4D42E-1E2E-417D-83BA-80AE3954E0F8}.Debug|Any CPU.Build.0 = Debug|Any CPU
		{BCE4D42E-1E2E-417D-83BA-80AE3954E0F8}.Release|Any CPU.ActiveCfg = Release|Any CPU
		{BCE4D42E-1E2E-417D-83BA-80AE3954E0F8}.Release|Any CPU.Build.0 = Release|Any CPU
		{6631CE6A-71FD-4CE5-99B7-E272A6068E3B}.Debug|Any CPU.ActiveCfg = Debug|Any CPU
		{6631CE6A-71FD-4CE5-99B7-E272A6068E3B}.Debug|Any CPU.Build.0 = Debug|Any CPU
		{6631CE6A-71FD-4CE5-99B7-E272A6068E3B}.Release|Any CPU.ActiveCfg = Release|Any CPU
		{6631CE6A-71FD-4CE5-99B7-E272A6068E3B}.Release|Any CPU.Build.0 = Release|Any CPU
		{C10CBCB7-8693-4747-BEED-2F7AD33FD863}.Debug|Any CPU.ActiveCfg = Debug|Any CPU
		{C10CBCB7-8693-4747-BEED-2F7AD33FD863}.Debug|Any CPU.Build.0 = Debug|Any CPU
		{C10CBCB7-8693-4747-BEED-2F7AD33FD863}.Release|Any CPU.ActiveCfg = Release|Any CPU
		{C10CBCB7-8693-4747-BEED-2F7AD33FD863}.Release|Any CPU.Build.0 = Release|Any CPU
		{81707E89-C9FC-4555-9C5C-F5C7E5446159}.Debug|Any CPU.ActiveCfg = Debug|Any CPU
		{81707E89-C9FC-4555-9C5C-F5C7E5446159}.Debug|Any CPU.Build.0 = Debug|Any CPU
		{81707E89-C9FC-4555-9C5C-F5C7E5446159}.Release|Any CPU.ActiveCfg = Release|Any CPU
		{81707E89-C9FC-4555-9C5C-F5C7E5446159}.Release|Any CPU.Build.0 = Release|Any CPU
	EndGlobalSection
	GlobalSection(SolutionProperties) = preSolution
		HideSolutionNode = FALSE
	EndGlobalSection
EndGlobal
